
Microsoft Visual Studio Solution File, Format Version 12.00
Project("{FAE04EC0-301F-11D3-BF4B-00C04F79EFBC}") = "Encryption", "Encryption\Encryption.csproj", "{F4405FCA-5F46-44A9-9CB6-533931720403}"
EndProject
Global
	GlobalSection(SolutionConfigurationPlatforms) = preSolution
		Debug|Any CPU = Debug|Any CPU
		Release|Any CPU = Release|Any CPU
	EndGlobalSection
	GlobalSection(ProjectConfigurationPlatforms) = postSolution
		{F4405FCA-5F46-44A9-9CB6-533931720403}.Debug|Any CPU.ActiveCfg = Debug|Any CPU
		{F4405FCA-5F46-44A9-9CB6-533931720403}.Debug|Any CPU.Build.0 = Debug|Any CPU
		{F4405FCA-5F46-44A9-9CB6-533931720403}.Release|Any CPU.ActiveCfg = Release|Any CPU
		{F4405FCA-5F46-44A9-9CB6-533931720403}.Release|Any CPU.Build.0 = Release|Any CPU
	EndGlobalSection
EndGlobal
